
Microsoft Visual Studio Solution File, Format Version 12.00
# Visual Studio 15
VisualStudioVersion = 15.0.27428.2043
MinimumVisualStudioVersion = 10.0.40219.1
Project("{FAE04EC0-301F-11D3-BF4B-00C04F79EFBC}") = "HSubs", "HSubs\HSubs.csproj", "{CA3F3B91-0D32-489E-9EAD-68B0E865BB60}"
EndProject
Global
	GlobalSection(SolutionConfigurationPlatforms) = preSolution
		Debug|Any CPU = Debug|Any CPU
		Release|Any CPU = Release|Any CPU
	EndGlobalSection
	GlobalSection(ProjectConfigurationPlatforms) = postSolution
		{CA3F3B91-0D32-489E-9EAD-68B0E865BB60}.Debug|Any CPU.ActiveCfg = Debug|Any CPU
		{CA3F3B91-0D32-489E-9EAD-68B0E865BB60}.Debug|Any CPU.Build.0 = Debug|Any CPU
		{CA3F3B91-0D32-489E-9EAD-68B0E865BB60}.Release|Any CPU.ActiveCfg = Release|Any CPU
		{CA3F3B91-0D32-489E-9EAD-68B0E865BB60}.Release|Any CPU.Build.0 = Release|Any CPU
	EndGlobalSection
	GlobalSection(SolutionProperties) = preSolution
		HideSolutionNode = FALSE
	EndGlobalSection
	GlobalSection(ExtensibilityGlobals) = postSolution
		SolutionGuid = {7E5972C3-319A-4205-BB3C-9919765E2F44}
	EndGlobalSection
EndGlobal
